
Microsoft Visual Studio Solution File, Format Version 12.00
# Visual Studio Version 17
VisualStudioVersion = 17.3.32929.385
MinimumVisualStudioVersion = 10.0.40219.1
Project("{9A19103F-16F7-4668-BE54-9A1E7A4F7556}") = "Stage0", "Stage0\Stage0.csproj", "{09465EDF-F70E-465D-96DB-1174A292C4FF}"
EndProject
Project("{9A19103F-16F7-4668-BE54-9A1E7A4F7556}") = "DalFacade", "DalFacade\DalFacade.csproj", "{F6619E0F-0CC0-49A2-ACB7-33ABFC366FCD}"
EndProject
Project("{9A19103F-16F7-4668-BE54-9A1E7A4F7556}") = "DalList", "DalList\DalList.csproj", "{0F173C04-89BD-49C3-8F56-8B5E7E6BD184}"
EndProject
Project("{9A19103F-16F7-4668-BE54-9A1E7A4F7556}") = "DalTest", "DalTest\DalTest.csproj", "{E1F015D8-1C00-4B7C-ADBF-4AA26761E76D}"
EndProject
Project("{FAE04EC0-301F-11D3-BF4B-00C04F79EFBC}") = "Bl", "Bl\Bl.csproj", "{5CD49C0A-5F38-4CA0-9944-8515EBD670A9}"
EndProject
Project("{FAE04EC0-301F-11D3-BF4B-00C04F79EFBC}") = "BlTest", "BlTest\BlTest.csproj", "{38BEBFF7-8041-4FEF-AF02-5CD77872A0C0}"
EndProject
Global
	GlobalSection(SolutionConfigurationPlatforms) = preSolution
		Debug|Any CPU = Debug|Any CPU
		Release|Any CPU = Release|Any CPU
	EndGlobalSection
	GlobalSection(ProjectConfigurationPlatforms) = postSolution
		{09465EDF-F70E-465D-96DB-1174A292C4FF}.Debug|Any CPU.ActiveCfg = Debug|Any CPU
		{09465EDF-F70E-465D-96DB-1174A292C4FF}.Debug|Any CPU.Build.0 = Debug|Any CPU
		{09465EDF-F70E-465D-96DB-1174A292C4FF}.Release|Any CPU.ActiveCfg = Release|Any CPU
		{09465EDF-F70E-465D-96DB-1174A292C4FF}.Release|Any CPU.Build.0 = Release|Any CPU
		{F6619E0F-0CC0-49A2-ACB7-33ABFC366FCD}.Debug|Any CPU.ActiveCfg = Debug|Any CPU
		{F6619E0F-0CC0-49A2-ACB7-33ABFC366FCD}.Debug|Any CPU.Build.0 = Debug|Any CPU
		{F6619E0F-0CC0-49A2-ACB7-33ABFC366FCD}.Release|Any CPU.ActiveCfg = Release|Any CPU
		{F6619E0F-0CC0-49A2-ACB7-33ABFC366FCD}.Release|Any CPU.Build.0 = Release|Any CPU
		{0F173C04-89BD-49C3-8F56-8B5E7E6BD184}.Debug|Any CPU.ActiveCfg = Debug|Any CPU
		{0F173C04-89BD-49C3-8F56-8B5E7E6BD184}.Debug|Any CPU.Build.0 = Debug|Any CPU
		{0F173C04-89BD-49C3-8F56-8B5E7E6BD184}.Release|Any CPU.ActiveCfg = Release|Any CPU
		{0F173C04-89BD-49C3-8F56-8B5E7E6BD184}.Release|Any CPU.Build.0 = Release|Any CPU
		{E1F015D8-1C00-4B7C-ADBF-4AA26761E76D}.Debug|Any CPU.ActiveCfg = Debug|Any CPU
		{E1F015D8-1C00-4B7C-ADBF-4AA26761E76D}.Debug|Any CPU.Build.0 = Debug|Any CPU
		{E1F015D8-1C00-4B7C-ADBF-4AA26761E76D}.Release|Any CPU.ActiveCfg = Release|Any CPU
		{E1F015D8-1C00-4B7C-ADBF-4AA26761E76D}.Release|Any CPU.Build.0 = Release|Any CPU
		{5CD49C0A-5F38-4CA0-9944-8515EBD670A9}.Debug|Any CPU.ActiveCfg = Debug|Any CPU
		{5CD49C0A-5F38-4CA0-9944-8515EBD670A9}.Debug|Any CPU.Build.0 = Debug|Any CPU
		{5CD49C0A-5F38-4CA0-9944-8515EBD670A9}.Release|Any CPU.ActiveCfg = Release|Any CPU
		{5CD49C0A-5F38-4CA0-9944-8515EBD670A9}.Release|Any CPU.Build.0 = Release|Any CPU
		{38BEBFF7-8041-4FEF-AF02-5CD77872A0C0}.Debug|Any CPU.ActiveCfg = Debug|Any CPU
		{38BEBFF7-8041-4FEF-AF02-5CD77872A0C0}.Debug|Any CPU.Build.0 = Debug|Any CPU
		{38BEBFF7-8041-4FEF-AF02-5CD77872A0C0}.Release|Any CPU.ActiveCfg = Release|Any CPU
		{38BEBFF7-8041-4FEF-AF02-5CD77872A0C0}.Release|Any CPU.Build.0 = Release|Any CPU
	EndGlobalSection
	GlobalSection(SolutionProperties) = preSolution
		HideSolutionNode = FALSE
	EndGlobalSection
	GlobalSection(ExtensibilityGlobals) = postSolution
		SolutionGuid = {42E3125D-3C3E-4CEE-9571-A5CB078189BA}
	EndGlobalSection
EndGlobal
